
Microsoft Visual Studio Solution File, Format Version 12.00
# Visual Studio Version 17
VisualStudioVersion = 17.11.35219.272
MinimumVisualStudioVersion = 10.0.40219.1
Project("{9A19103F-16F7-4668-BE54-9A1E7A4F7556}") = "PruebaTecnicaMyper", "PruebaTecnicaMyper\PruebaTecnicaMyper.csproj", "{C799CED5-C355-4D00-8331-5E7D87F56E0C}"
EndProject
Project("{2150E333-8FDC-42A3-9474-1A3956D46DE8}") = "Elementos de la solución", "Elementos de la solución", "{01C0770D-D606-4529-949D-621C69C13492}"
	ProjectSection(SolutionItems) = preProject
		.gitignore = .gitignore
	EndProjectSection
EndProject
Project("{FAE04EC0-301F-11D3-BF4B-00C04F79EFBC}") = "PruebaTecnicaMyper.Test", "PruebaTecnicaMyper.Test\PruebaTecnicaMyper.Test.csproj", "{607960E0-2D1D-4993-BA85-9D50E89356AE}"
EndProject
Global
	GlobalSection(SolutionConfigurationPlatforms) = preSolution
		Debug|Any CPU = Debug|Any CPU
		Release|Any CPU = Release|Any CPU
	EndGlobalSection
	GlobalSection(ProjectConfigurationPlatforms) = postSolution
		{C799CED5-C355-4D00-8331-5E7D87F56E0C}.Debug|Any CPU.ActiveCfg = Debug|Any CPU
		{C799CED5-C355-4D00-8331-5E7D87F56E0C}.Debug|Any CPU.Build.0 = Debug|Any CPU
		{C799CED5-C355-4D00-8331-5E7D87F56E0C}.Release|Any CPU.ActiveCfg = Release|Any CPU
		{C799CED5-C355-4D00-8331-5E7D87F56E0C}.Release|Any CPU.Build.0 = Release|Any CPU
		{607960E0-2D1D-4993-BA85-9D50E89356AE}.Debug|Any CPU.ActiveCfg = Debug|Any CPU
		{607960E0-2D1D-4993-BA85-9D50E89356AE}.Debug|Any CPU.Build.0 = Debug|Any CPU
		{607960E0-2D1D-4993-BA85-9D50E89356AE}.Release|Any CPU.ActiveCfg = Release|Any CPU
		{607960E0-2D1D-4993-BA85-9D50E89356AE}.Release|Any CPU.Build.0 = Release|Any CPU
	EndGlobalSection
	GlobalSection(SolutionProperties) = preSolution
		HideSolutionNode = FALSE
	EndGlobalSection
	GlobalSection(ExtensibilityGlobals) = postSolution
		SolutionGuid = {4E346BE7-D3D6-41FA-AFA8-247D65A0A228}
	EndGlobalSection
EndGlobal
